<?xml version="1.0" encoding="utf-8"?>
<Project ToolsVersion="4.0" xmlns="http://schemas.microsoft.com/developer/msbuild/2003">
  <ItemGroup>
    <Filter Include="Source Files">
      <UniqueIdentifier>{4FC737F1-C7A5-4376-A066-2A32D752A2FF}</UniqueIdentifier>
      <Extensions>cpp;cxx;c;def</Extensions>
    </Filter>
    <Filter Include="Header Files">
      <UniqueIdentifier>{93995380-89BD-4b04-88EB-625FBE52EBFB}</UniqueIdentifier>
      <Extensions>h</Extensions>
    </Filter>
    <Filter Include="Form Files">
      <UniqueIdentifier>{99349809-55BA-4b9d-BF79-8FDBB0286EB3}</UniqueIdentifier>
      <Extensions>ui</Extensions>
    </Filter>
    <Filter Include="Resource Files">
      <UniqueIdentifier>{D9D6E242-F8AF-46E4-B9FD-80ECBC20BA3E}</UniqueIdentifier>
      <Extensions>qrc;*</Extensions>
      <ParseFiles>false</ParseFiles>
    </Filter>
    <Filter Include="Generated Files">
      <UniqueIdentifier>{71ED8ED8-ACB9-4CE9-BBE1-E00B30144E11}</UniqueIdentifier>
      <Extensions>moc;h;cpp</Extensions>
      <SourceControlFiles>False</SourceControlFiles>
    </Filter>
    <Filter Include="Generated Files\Debug">
      <UniqueIdentifier>{cd7e54f7-4ed1-4f6f-a322-a16f2df40ad3}</UniqueIdentifier>
      <Extensions>cpp;moc</Extensions>
      <SourceControlFiles>False</SourceControlFiles>
    </Filter>
    <Filter Include="Generated Files\Release">
      <UniqueIdentifier>{e56523b5-30fd-4027-9e95-c2d45440cda1}</UniqueIdentifier>
      <Extensions>cpp;moc</Extensions>
      <SourceControlFiles>False</SourceControlFiles>
    </Filter>
    <Filter Include="Header Files\core">
      <UniqueIdentifier>{fdb67e78-a1d0-43e1-bb1b-679a448ebf6d}</UniqueIdentifier>
    </Filter>
    <Filter Include="Source Files\core">
      <UniqueIdentifier>{e6b18be9-dff4-4723-9bb8-986abe328824}</UniqueIdentifier>
    </Filter>
    <Filter Include="Header Files\audio">
      <UniqueIdentifier>{88ca453e-142b-483e-9454-916cf4ab2e61}</UniqueIdentifier>
    </Filter>
    <Filter Include="Source Files\audio">
      <UniqueIdentifier>{9127ea19-0a3f-4799-9669-8a84dc1a881a}</UniqueIdentifier>
    </Filter>
    <Filter Include="Header Files\source">
      <UniqueIdentifier>{570489c2-9e76-47ef-8a98-8d6deebe801b}</UniqueIdentifier>
    </Filter>
    <Filter Include="Source Files\source">
      <UniqueIdentifier>{91044aa5-55ed-434b-8f79-b581d9aeae71}</UniqueIdentifier>
    </Filter>
    <Filter Include="Header Files\dialog">
      <UniqueIdentifier>{11b31042-858f-44cf-8919-80446e2fee2d}</UniqueIdentifier>
    </Filter>
    <Filter Include="Source Files\dialog">
      <UniqueIdentifier>{4cd27153-d10c-42eb-b6c2-880d39278baa}</UniqueIdentifier>
    </Filter>
  </ItemGroup>
  <ItemGroup>
    <ClCompile Include="main.cpp">
      <Filter>Source Files</Filter>
    </ClCompile>
    <ClCompile Include="liveonline.cpp">
      <Filter>Source Files</Filter>
    </ClCompile>
    <ClCompile Include="GeneratedFiles\Debug\moc_liveonline.cpp">
      <Filter>Generated Files\Debug</Filter>
    </ClCompile>
    <ClCompile Include="GeneratedFiles\Release\moc_liveonline.cpp">
      <Filter>Generated Files\Release</Filter>
    </ClCompile>
    <ClCompile Include="GeneratedFiles\qrc_liveonline.cpp">
      <Filter>Generated Files</Filter>
    </ClCompile>
    <ClCompile Include="LkString.cpp">
      <Filter>Source Files\core</Filter>
    </ClCompile>
    <ClCompile Include="Lkglobal.cpp">
      <Filter>Source Files\core</Filter>
    </ClCompile>
    <ClCompile Include="LkThread.cpp">
      <Filter>Source Files</Filter>
    </ClCompile>
    <ClCompile Include="GeneratedFiles\Debug\moc_LkThread.cpp">
      <Filter>Generated Files\Debug</Filter>
    </ClCompile>
    <ClCompile Include="GeneratedFiles\Release\moc_LkThread.cpp">
      <Filter>Generated Files\Release</Filter>
    </ClCompile>
    <ClCompile Include="LkX264Encoder.cpp">
      <Filter>Source Files</Filter>
    </ClCompile>
    <ClCompile Include="LkAVQueue.cpp">
      <Filter>Source Files</Filter>
    </ClCompile>
    <ClCompile Include="LkAVUtil.cpp">
      <Filter>Source Files</Filter>
    </ClCompile>
    <ClCompile Include="LkContext.cpp">
      <Filter>Source Files</Filter>
    </ClCompile>
    <ClCompile Include="LkTimestampBulider.cpp">
      <Filter>Source Files</Filter>
    </ClCompile>
    <ClCompile Include="GeneratedFiles\Debug\moc_LkEncoderThread.cpp">
      <Filter>Generated Files\Debug</Filter>
    </ClCompile>
    <ClCompile Include="GeneratedFiles\Release\moc_LkEncoderThread.cpp">
      <Filter>Generated Files\Release</Filter>
    </ClCompile>
    <ClCompile Include="LkEncoderThread.cpp">
      <Filter>Source Files</Filter>
    </ClCompile>
    <ClCompile Include="LkImageProcessThread.cpp">
      <Filter>Source Files</Filter>
    </ClCompile>
    <ClCompile Include="GeneratedFiles\Debug\moc_LkImageProcessThread.cpp">
      <Filter>Generated Files\Debug</Filter>
    </ClCompile>
    <ClCompile Include="GeneratedFiles\Release\moc_LkImageProcessThread.cpp">
      <Filter>Generated Files\Release</Filter>
    </ClCompile>
    <ClCompile Include="LkRtmpMuxer.cpp">
      <Filter>Source Files</Filter>
    </ClCompile>
    <ClCompile Include="LkRtmpSendThread.cpp">
      <Filter>Source Files</Filter>
    </ClCompile>
    <ClCompile Include="GeneratedFiles\Debug\moc_LkRtmpSendThread.cpp">
      <Filter>Generated Files\Debug</Filter>
    </ClCompile>
    <ClCompile Include="GeneratedFiles\Release\moc_LkRtmpSendThread.cpp">
      <Filter>Generated Files\Release</Filter>
    </ClCompile>
    <ClCompile Include="GeneratedFiles\Debug\moc_LkCameraSource.cpp">
      <Filter>Generated Files\Debug</Filter>
    </ClCompile>
    <ClCompile Include="GeneratedFiles\Release\moc_LkCameraSource.cpp">
      <Filter>Generated Files\Release</Filter>
    </ClCompile>
    <ClCompile Include="GeneratedFiles\Debug\moc_LkFileSource.cpp">
      <Filter>Generated Files\Debug</Filter>
    </ClCompile>
    <ClCompile Include="GeneratedFiles\Release\moc_LkFileSource.cpp">
      <Filter>Generated Files\Release</Filter>
    </ClCompile>
    <ClCompile Include="GeneratedFiles\Debug\moc_LkTextSource.cpp">
      <Filter>Generated Files\Debug</Filter>
    </ClCompile>
    <ClCompile Include="GeneratedFiles\Release\moc_LkTextSource.cpp">
      <Filter>Generated Files\Release</Filter>
    </ClCompile>
    <ClCompile Include="GeneratedFiles\Debug\moc_LkWindowsCaptureSource.cpp">
      <Filter>Generated Files\Debug</Filter>
    </ClCompile>
    <ClCompile Include="GeneratedFiles\Release\moc_LkWindowsCaptureSource.cpp">
      <Filter>Generated Files\Release</Filter>
    </ClCompile>
    <ClCompile Include="LkImageProcess.cpp">
      <Filter>Source Files</Filter>
    </ClCompile>
    <ClCompile Include="GeneratedFiles\Debug\moc_LkImageProcess.cpp">
      <Filter>Generated Files\Debug</Filter>
    </ClCompile>
    <ClCompile Include="GeneratedFiles\Release\moc_LkImageProcess.cpp">
      <Filter>Generated Files\Release</Filter>
    </ClCompile>
    <ClCompile Include="GeneratedFiles\Debug\moc_LkSettingDlg.cpp">
      <Filter>Generated Files\Debug</Filter>
    </ClCompile>
    <ClCompile Include="GeneratedFiles\Release\moc_LkSettingDlg.cpp">
      <Filter>Generated Files\Release</Filter>
    </ClCompile>
    <ClCompile Include="LkAudioCapture.cpp">
      <Filter>Source Files</Filter>
    </ClCompile>
    <ClCompile Include="GeneratedFiles\Debug\moc_LkAudioCapture.cpp">
      <Filter>Generated Files\Debug</Filter>
    </ClCompile>
    <ClCompile Include="GeneratedFiles\Release\moc_LkAudioCapture.cpp">
      <Filter>Generated Files\Release</Filter>
    </ClCompile>
    <ClCompile Include="LkAudioEncoder_AAC.cpp">
      <Filter>Source Files</Filter>
    </ClCompile>
    <ClCompile Include="LkAudioEncoderAbstract.cpp">
      <Filter>Source Files</Filter>
    </ClCompile>
    <ClCompile Include="..\3rdparty\libRtAudio\include\RtAudio.cpp">
      <Filter>Source Files\audio</Filter>
    </ClCompile>
    <ClCompile Include="GeneratedFiles\Debug\moc_LkCameraSelector.cpp">
      <Filter>Generated Files\Debug</Filter>
    </ClCompile>
    <ClCompile Include="GeneratedFiles\Release\moc_LkCameraSelector.cpp">
      <Filter>Generated Files\Release</Filter>
    </ClCompile>
    <ClCompile Include="GeneratedFiles\Debug\moc_LkDesktopAreaSelector.cpp">
      <Filter>Generated Files\Debug</Filter>
    </ClCompile>
    <ClCompile Include="GeneratedFiles\Release\moc_LkDesktopAreaSelector.cpp">
      <Filter>Generated Files\Release</Filter>
    </ClCompile>
    <ClCompile Include="LkAudioEncoder_MP3.cpp">
      <Filter>Source Files</Filter>
    </ClCompile>
    <ClCompile Include="LkStream.cpp">
      <Filter>Source Files\core</Filter>
    </ClCompile>
    <ClCompile Include="LkStringList.cpp">
      <Filter>Source Files\core</Filter>
    </ClCompile>
    <ClCompile Include="LkUtil.cpp">
      <Filter>Source Files\core</Filter>
    </ClCompile>
    <ClCompile Include="LkLog.cpp">
      <Filter>Source Files\core</Filter>
    </ClCompile>
    <ClCompile Include="LkErrno.cpp">
      <Filter>Source Files\core</Filter>
    </ClCompile>
    <ClCompile Include="LkConfigOpt.cpp">
      <Filter>Source Files\core</Filter>
    </ClCompile>
    <ClCompile Include="LkWindowsCaptureSource.cpp">
      <Filter>Source Files\source</Filter>
    </ClCompile>
    <ClCompile Include="LkPictureSource.cpp">
      <Filter>Source Files\source</Filter>
    </ClCompile>
    <ClCompile Include="LkFileSource.cpp">
      <Filter>Source Files\source</Filter>
    </ClCompile>
    <ClCompile Include="LkCameraSource.cpp">
      <Filter>Source Files\source</Filter>
    </ClCompile>
    <ClCompile Include="LkTextSource.cpp">
      <Filter>Source Files\source</Filter>
    </ClCompile>
    <ClCompile Include="LkTextSelectDlg.cpp">
      <Filter>Source Files\dialog</Filter>
    </ClCompile>
    <ClCompile Include="LkSettingDlg.cpp">
      <Filter>Source Files\dialog</Filter>
    </ClCompile>
    <ClCompile Include="LkCameraSelector.cpp">
      <Filter>Source Files\dialog</Filter>
    </ClCompile>
    <ClCompile Include="LkDesktopAreaSelector.cpp">
      <Filter>Source Files\dialog</Filter>
    </ClCompile>
    <ClCompile Include="LkSourceAbstract.cpp">
      <Filter>Source Files\source</Filter>
    </ClCompile>
    <ClCompile Include="GeneratedFiles\Debug\moc_LkButton.cpp">
      <Filter>Generated Files\Debug</Filter>
    </ClCompile>
    <ClCompile Include="GeneratedFiles\Release\moc_LkButton.cpp">
      <Filter>Generated Files\Release</Filter>
    </ClCompile>
    <ClCompile Include="LkButton.cpp">
      <Filter>Source Files\dialog</Filter>
    </ClCompile>
    <ClCompile Include="LkSendTime.cpp">
      <Filter>Source Files</Filter>
    </ClCompile>
    <ClCompile Include="GeneratedFiles\Debug\moc_LkSendTime.cpp">
      <Filter>Generated Files\Debug</Filter>
    </ClCompile>
    <ClCompile Include="GeneratedFiles\Release\moc_LkSendTime.cpp">
      <Filter>Generated Files\Release</Filter>
    </ClCompile>
    <ClCompile Include="GeneratedFiles\Debug\moc_LkTopWidget.cpp">
      <Filter>Generated Files\Debug</Filter>
    </ClCompile>
    <ClCompile Include="GeneratedFiles\Release\moc_LkTopWidget.cpp">
      <Filter>Generated Files\Release</Filter>
    </ClCompile>
    <ClCompile Include="LkTopWidget.cpp">
      <Filter>Source Files\dialog</Filter>
    </ClCompile>
  </ItemGroup>
  <ItemGroup>
    <CustomBuild Include="liveonline.h">
      <Filter>Header Files</Filter>
    </CustomBuild>
    <CustomBuild Include="liveonline.ui">
      <Filter>Form Files</Filter>
    </CustomBuild>
    <CustomBuild Include="liveonline.qrc">
      <Filter>Resource Files</Filter>
    </CustomBuild>
    <CustomBuild Include="LkThread.h">
      <Filter>Header Files</Filter>
    </CustomBuild>
    <CustomBuild Include="LkEncoderThread.h">
      <Filter>Header Files</Filter>
    </CustomBuild>
    <CustomBuild Include="LkImageProcessThread.h">
      <Filter>Header Files</Filter>
    </CustomBuild>
    <CustomBuild Include="LkRtmpSendThread.h">
      <Filter>Header Files</Filter>
    </CustomBuild>
    <CustomBuild Include="LkImageProcess.h">
      <Filter>Header Files</Filter>
    </CustomBuild>
    <CustomBuild Include="LkSettingDlg.ui">
      <Filter>Form Files</Filter>
    </CustomBuild>
    <CustomBuild Include="LkAudioCapture.h">
      <Filter>Header Files</Filter>
    </CustomBuild>
    <CustomBuild Include="cameraSelect.ui">
      <Filter>Form Files</Filter>
    </CustomBuild>
    <CustomBuild Include="TextSelect.ui">
      <Filter>Form Files</Filter>
    </CustomBuild>
    <CustomBuild Include="LkCameraSource.h">
      <Filter>Header Files\source</Filter>
    </CustomBuild>
    <CustomBuild Include="LkWindowsCaptureSource.h">
      <Filter>Header Files\source</Filter>
    </CustomBuild>
    <CustomBuild Include="LkFileSource.h">
      <Filter>Header Files\source</Filter>
    </CustomBuild>
    <CustomBuild Include="LkCameraSelector.h">
      <Filter>Header Files\dialog</Filter>
    </CustomBuild>
    <CustomBuild Include="LkDesktopAreaSelector.h">
      <Filter>Header Files\dialog</Filter>
    </CustomBuild>
    <CustomBuild Include="LkSettingDlg.h">
      <Filter>Header Files\dialog</Filter>
    </CustomBuild>
    <CustomBuild Include="LkTextSource.h">
      <Filter>Header Files\source</Filter>
    </CustomBuild>
    <CustomBuild Include="LkButton.h">
      <Filter>Header Files\dialog</Filter>
    </CustomBuild>
    <CustomBuild Include="LkSendTime.h">
      <Filter>Header Files</Filter>
    </CustomBuild>
    <CustomBuild Include="LkTopWidget.h">
      <Filter>Header Files\dialog</Filter>
    </CustomBuild>
  </ItemGroup>
  <ItemGroup>
    <ClInclude Include="GeneratedFiles\ui_liveonline.h">
      <Filter>Generated Files</Filter>
    </ClInclude>
    <ClInclude Include="Lkglobal.h">
      <Filter>Header Files\core</Filter>
    </ClInclude>
    <ClInclude Include="LkString.h">
      <Filter>Header Files\core</Filter>
    </ClInclude>
    <ClInclude Include="LkX264Encoder.h">
      <Filter>Header Files</Filter>
    </ClInclude>
    <ClInclude Include="LkAVQueue.h">
      <Filter>Header Files</Filter>
    </ClInclude>
    <ClInclude Include="LkAVUtil.h">
      <Filter>Header Files</Filter>
    </ClInclude>
    <ClInclude Include="LkContext.h">
      <Filter>Header Files</Filter>
    </ClInclude>
    <ClInclude Include="LkTimestampBulider.h">
      <Filter>Header Files</Filter>
    </ClInclude>
    <ClInclude Include="LkRtmpMuxer.h">
      <Filter>Header Files</Filter>
    </ClInclude>
    <ClInclude Include="GeneratedFiles\ui_LkSettingDlg.h">
      <Filter>Generated Files</Filter>
    </ClInclude>
    <ClInclude Include="LkAudioEncoder_AAC.h">
      <Filter>Header Files</Filter>
    </ClInclude>
    <ClInclude Include="LkAudioEncoderAbstract.h">
      <Filter>Header Files</Filter>
    </ClInclude>
    <ClInclude Include="..\3rdparty\libRtAudio\include\RtAudio.h">
      <Filter>Header Files\audio</Filter>
    </ClInclude>
    <ClInclude Include="..\3rdparty\libRtAudio\include\RtError.h">
      <Filter>Header Files\audio</Filter>
    </ClInclude>
    <ClInclude Include="GeneratedFiles\ui_cameraSelect.h">
      <Filter>Generated Files</Filter>
    </ClInclude>
    <ClInclude Include="GeneratedFiles\ui_TextSelect.h">
      <Filter>Generated Files</Filter>
    </ClInclude>
    <ClInclude Include="LkAudioEncoder_MP3.h">
      <Filter>Header Files</Filter>
    </ClInclude>
    <ClInclude Include="LkLog.h">
      <Filter>Header Files\core</Filter>
    </ClInclude>
    <ClInclude Include="LkErrno.h">
      <Filter>Header Files\core</Filter>
    </ClInclude>
    <ClInclude Include="LkDefine.h">
      <Filter>Header Files\core</Filter>
    </ClInclude>
    <ClInclude Include="LkConfigOpt.h">
      <Filter>Header Files\core</Filter>
    </ClInclude>
    <ClInclude Include="LkStream.h">
      <Filter>Header Files\core</Filter>
    </ClInclude>
    <ClInclude Include="LkStringList.h">
      <Filter>Header Files\core</Filter>
    </ClInclude>
    <ClInclude Include="LkUtil.h">
      <Filter>Header Files\core</Filter>
    </ClInclude>
    <ClInclude Include="LkPictureSource.h">
      <Filter>Header Files\source</Filter>
    </ClInclude>
    <ClInclude Include="LkTextSelectDlg.h">
      <Filter>Header Files\dialog</Filter>
    </ClInclude>
    <ClInclude Include="LkSourceAbstract.h">
      <Filter>Header Files\source</Filter>
    </ClInclude>
  </ItemGroup>
  <ItemGroup>
    <None Include="版本说明.txt" />
    <None Include="config.xml" />
  </ItemGroup>
</Project>